
Microsoft Visual Studio Solution File, Format Version 12.00
# Visual Studio 2012
Project("{8BC9CEB8-8B4A-11D0-8D11-00A0C91BC942}") = "PSRS-Sort", "PSRS-Sort\PSRS-Sort.vcxproj", "{46847795-875D-4D76-A0A9-752CFDBD465A}"
EndProject
Global
	GlobalSection(SolutionConfigurationPlatforms) = preSolution
		Debug|Win32 = Debug|Win32
		Release|Win32 = Release|Win32
	EndGlobalSection
	GlobalSection(ProjectConfigurationPlatforms) = postSolution
		{46847795-875D-4D76-A0A9-752CFDBD465A}.Debug|Win32.ActiveCfg = Debug|Win32
		{46847795-875D-4D76-A0A9-752CFDBD465A}.Debug|Win32.Build.0 = Debug|Win32
		{46847795-875D-4D76-A0A9-752CFDBD465A}.Release|Win32.ActiveCfg = Release|Win32
		{46847795-875D-4D76-A0A9-752CFDBD465A}.Release|Win32.Build.0 = Release|Win32
	EndGlobalSection
	GlobalSection(SolutionProperties) = preSolution
		HideSolutionNode = FALSE
	EndGlobalSection
EndGlobal
